
Microsoft Visual Studio Solution File, Format Version 12.00
# Visual Studio Version 17
VisualStudioVersion = 17.5.33414.496
MinimumVisualStudioVersion = 10.0.40219.1
Project("{FAE04EC0-301F-11D3-BF4B-00C04F79EFBC}") = "WinFormsApp1", "WinFormsApp1\WinFormsApp1.csproj", "{30D8C097-98B3-4C76-B16F-36DFD618CCEF}"
EndProject
Global
	GlobalSection(SolutionConfigurationPlatforms) = preSolution
		Debug|Any CPU = Debug|Any CPU
		Release|Any CPU = Release|Any CPU
	EndGlobalSection
	GlobalSection(ProjectConfigurationPlatforms) = postSolution
		{30D8C097-98B3-4C76-B16F-36DFD618CCEF}.Debug|Any CPU.ActiveCfg = Debug|Any CPU
		{30D8C097-98B3-4C76-B16F-36DFD618CCEF}.Debug|Any CPU.Build.0 = Debug|Any CPU
		{30D8C097-98B3-4C76-B16F-36DFD618CCEF}.Release|Any CPU.ActiveCfg = Release|Any CPU
		{30D8C097-98B3-4C76-B16F-36DFD618CCEF}.Release|Any CPU.Build.0 = Release|Any CPU
	EndGlobalSection
	GlobalSection(SolutionProperties) = preSolution
		HideSolutionNode = FALSE
	EndGlobalSection
	GlobalSection(ExtensibilityGlobals) = postSolution
		SolutionGuid = {671C3C69-EC85-4031-B6DA-E3957CD45D13}
	EndGlobalSection
EndGlobal
